{
  "name": "reversi-types",
  "version": "0.0.0",
  "lockfileVersion": 1,
  "requires": true,
  "dependencies": {
    "@types/bson": {
      "version": "4.0.2",
      "resolved": "https://registry.npmjs.org/@types/bson/-/bson-4.0.2.tgz",
      "integrity": "sha512-+uWmsejEHfmSjyyM/LkrP0orfE2m5Mx9Xel4tXNeqi1ldK5XMQcDsFkBmLDtuyKUbxj2jGDo0H240fbCRJZo7Q==",
      "requires": {
        "@types/node": "*"
      }
    },
    "@types/mongodb": {
      "version": "3.5.16",
      "resolved": "https://registry.npmjs.org/@types/mongodb/-/mongodb-3.5.16.tgz",
      "integrity": "sha512-q12k9vFEGfQTUTC9KiN+Lf1nPpEawuPyTfIHBgGn+lSD/4ICZhePxQqEe/ukRgAjS63vdc+Td758VBr4bUGNjg==",
      "requires": {
        "@types/bson": "*",
        "@types/node": "*"
      }
    },
    "@types/mongoose": {
      "version": "5.7.16",
      "resolved": "https://registry.npmjs.org/@types/mongoose/-/mongoose-5.7.16.tgz",
      "integrity": "sha512-QuWb8Tqjq1r/ZEpBi9MBWpuu8upe+4Co89GExyIFb0Q7TCmeMQsxG1lVfkmjk8GVm/qMIwUMdpuopVLPhmnFUA==",
      "requires": {
        "@types/mongodb": "*",
        "@types/node": "*"
      }
    },
    "@types/node": {
      "version": "13.13.5",
      "resolved": "https://registry.npmjs.org/@types/node/-/node-13.13.5.tgz",
      "integrity": "sha512-3ySmiBYJPqgjiHA7oEaIo2Rzz0HrOZ7yrNO5HWyaE5q0lQ3BppDZ3N53Miz8bw2I7gh1/zir2MGVZBvpb1zq9g=="
    }
  }
}
